
Microsoft Visual Studio Solution File, Format Version 12.00
# Visual Studio Version 17
VisualStudioVersion = 17.7.34031.279
MinimumVisualStudioVersion = 10.0.40219.1
Project("{FAE04EC0-301F-11D3-BF4B-00C04F79EFBC}") = "Adapter", "Adapter\Adapter.csproj", "{EC3608E2-3201-4D4D-A164-974A3F70CB3D}"
EndProject
Global
	GlobalSection(SolutionConfigurationPlatforms) = preSolution
		Debug|Any CPU = Debug|Any CPU
		Release|Any CPU = Release|Any CPU
	EndGlobalSection
	GlobalSection(ProjectConfigurationPlatforms) = postSolution
		{EC3608E2-3201-4D4D-A164-974A3F70CB3D}.Debug|Any CPU.ActiveCfg = Debug|Any CPU
		{EC3608E2-3201-4D4D-A164-974A3F70CB3D}.Debug|Any CPU.Build.0 = Debug|Any CPU
		{EC3608E2-3201-4D4D-A164-974A3F70CB3D}.Release|Any CPU.ActiveCfg = Release|Any CPU
		{EC3608E2-3201-4D4D-A164-974A3F70CB3D}.Release|Any CPU.Build.0 = Release|Any CPU
	EndGlobalSection
	GlobalSection(SolutionProperties) = preSolution
		HideSolutionNode = FALSE
	EndGlobalSection
	GlobalSection(ExtensibilityGlobals) = postSolution
		SolutionGuid = {8EAB0101-DD9A-4E32-83B1-49FA8708B7C8}
	EndGlobalSection
EndGlobal
